// !$*UTF8*$!
{
	archiveVersion = 1;
	classes = {
	};
	objectVersion = 46;
	objects = {

/* Begin PBXBuildFile section */
		3C0E54EF1E77872600B5A43B /* Waiter+CoreDataProperties.m in Sources */ = {isa = PBXBuildFile; fileRef = 3C0E54E81E77872600B5A43B /* Waiter+CoreDataProperties.m */; };
		3C0E54F01E77872600B5A43B /* Restaurant+CoreDataProperties.m in Sources */ = {isa = PBXBuildFile; fileRef = 3C0E54EA1E77872600B5A43B /* Restaurant+CoreDataProperties.m */; };
		3C0E54F11E77872600B5A43B /* Shift+CoreDataClass.m in Sources */ = {isa = PBXBuildFile; fileRef = 3C0E54EC1E77872600B5A43B /* Shift+CoreDataClass.m */; };
		3C0E54F21E77872600B5A43B /* Shift+CoreDataProperties.m in Sources */ = {isa = PBXBuildFile; fileRef = 3C0E54EE1E77872600B5A43B /* Shift+CoreDataProperties.m */; };
		3C0E54F51E77875000B5A43B /* Restaurant+CoreDataClass.m in Sources */ = {isa = PBXBuildFile; fileRef = 3C0E54F41E77875000B5A43B /* Restaurant+CoreDataClass.m */; };
		3C0E54F81E77876700B5A43B /* Waiter+CoreDataClass.m in Sources */ = {isa = PBXBuildFile; fileRef = 3C0E54F71E77876700B5A43B /* Waiter+CoreDataClass.m */; };
		3CB7A24F1E776F1400BFC475 /* AddShiftViewController.m in Sources */ = {isa = PBXBuildFile; fileRef = 3CB7A24E1E776F1400BFC475 /* AddShiftViewController.m */; };
		3CB9DFA91E76416900BD22B8 /* AddWaiterViewController.m in Sources */ = {isa = PBXBuildFile; fileRef = 3CB9DFA81E76416900BD22B8 /* AddWaiterViewController.m */; };
		3CB9DFB51E76537200BD22B8 /* (null) in Sources */ = {isa = PBXBuildFile; };
		651CBBAF1AB4E1CC00F265E8 /* main.m in Sources */ = {isa = PBXBuildFile; fileRef = 651CBBAE1AB4E1CC00F265E8 /* main.m */; };
		651CBBB21AB4E1CC00F265E8 /* AppDelegate.m in Sources */ = {isa = PBXBuildFile; fileRef = 651CBBB11AB4E1CC00F265E8 /* AppDelegate.m */; };
		651CBBB51AB4E1CD00F265E8 /* StaffManagement.xcdatamodeld in Sources */ = {isa = PBXBuildFile; fileRef = 651CBBB31AB4E1CD00F265E8 /* StaffManagement.xcdatamodeld */; };
		651CBBB81AB4E1CD00F265E8 /* ViewController.m in Sources */ = {isa = PBXBuildFile; fileRef = 651CBBB71AB4E1CD00F265E8 /* ViewController.m */; };
		651CBBBB1AB4E1CD00F265E8 /* Main.storyboard in Resources */ = {isa = PBXBuildFile; fileRef = 651CBBB91AB4E1CD00F265E8 /* Main.storyboard */; };
		651CBBBD1AB4E1CD00F265E8 /* Images.xcassets in Resources */ = {isa = PBXBuildFile; fileRef = 651CBBBC1AB4E1CD00F265E8 /* Images.xcassets */; };
		651CBBC01AB4E1CD00F265E8 /* LaunchScreen.xib in Resources */ = {isa = PBXBuildFile; fileRef = 651CBBBE1AB4E1CD00F265E8 /* LaunchScreen.xib */; };
		651CBBCC1AB4E1CD00F265E8 /* StaffManagementTests.m in Sources */ = {isa = PBXBuildFile; fileRef = 651CBBCB1AB4E1CD00F265E8 /* StaffManagementTests.m */; };
		651CBBD71AB4E31400F265E8 /* RestaurantManager.m in Sources */ = {isa = PBXBuildFile; fileRef = 651CBBD61AB4E31400F265E8 /* RestaurantManager.m */; };
/* End PBXBuildFile section */

/* Begin PBXContainerItemProxy section */
		651CBBC61AB4E1CD00F265E8 /* PBXContainerItemProxy */ = {
			isa = PBXContainerItemProxy;
			containerPortal = 651CBBA11AB4E1CC00F265E8 /* Project object */;
			proxyType = 1;
			remoteGlobalIDString = 651CBBA81AB4E1CC00F265E8;
			remoteInfo = StaffManagement;
		};
/* End PBXContainerItemProxy section */

/* Begin PBXFileReference section */
		3C0E54E71E77872600B5A43B /* Waiter+CoreDataProperties.h */ = {isa = PBXFileReference; fileEncoding = 4; lastKnownFileType = sourcecode.c.h; name = "Waiter+CoreDataProperties.h"; path = "../Waiter+CoreDataProperties.h"; sourceTree = "<group>"; };
		3C0E54E81E77872600B5A43B /* Waiter+CoreDataProperties.m */ = {isa = PBXFileReference; fileEncoding = 4; lastKnownFileType = sourcecode.c.objc; name = "Waiter+CoreDataProperties.m"; path = "../Waiter+CoreDataProperties.m"; sourceTree = "<group>"; };
		3C0E54E91E77872600B5A43B /* Restaurant+CoreDataProperties.h */ = {isa = PBXFileReference; fileEncoding = 4; lastKnownFileType = sourcecode.c.h; name = "Restaurant+CoreDataProperties.h"; path = "../Restaurant+CoreDataProperties.h"; sourceTree = "<group>"; };
		3C0E54EA1E77872600B5A43B /* Restaurant+CoreDataProperties.m */ = {isa = PBXFileReference; fileEncoding = 4; lastKnownFileType = sourcecode.c.objc; name = "Restaurant+CoreDataProperties.m"; path = "../Restaurant+CoreDataProperties.m"; sourceTree = "<group>"; };
		3C0E54EB1E77872600B5A43B /* Shift+CoreDataClass.h */ = {isa = PBXFileReference; fileEncoding = 4; lastKnownFileType = sourcecode.c.h; name = "Shift+CoreDataClass.h"; path = "../Shift+CoreDataClass.h"; sourceTree = "<group>"; };
		3C0E54EC1E77872600B5A43B /* Shift+CoreDataClass.m */ = {isa = PBXFileReference; fileEncoding = 4; lastKnownFileType = sourcecode.c.objc; name = "Shift+CoreDataClass.m"; path = "../Shift+CoreDataClass.m"; sourceTree = "<group>"; };
		3C0E54ED1E77872600B5A43B /* Shift+CoreDataProperties.h */ = {isa = PBXFileReference; fileEncoding = 4; lastKnownFileType = sourcecode.c.h; name = "Shift+CoreDataProperties.h"; path = "../Shift+CoreDataProperties.h"; sourceTree = "<group>"; };
		3C0E54EE1E77872600B5A43B /* Shift+CoreDataProperties.m */ = {isa = PBXFileReference; fileEncoding = 4; lastKnownFileType = sourcecode.c.objc; name = "Shift+CoreDataProperties.m"; path = "../Shift+CoreDataProperties.m"; sourceTree = "<group>"; };
		3C0E54F31E77875000B5A43B /* Restaurant+CoreDataClass.h */ = {isa = PBXFileReference; fileEncoding = 4; lastKnownFileType = sourcecode.c.h; path = "Restaurant+CoreDataClass.h"; sourceTree = SOURCE_ROOT; };
		3C0E54F41E77875000B5A43B /* Restaurant+CoreDataClass.m */ = {isa = PBXFileReference; fileEncoding = 4; lastKnownFileType = sourcecode.c.objc; path = "Restaurant+CoreDataClass.m"; sourceTree = SOURCE_ROOT; };
		3C0E54F61E77876700B5A43B /* Waiter+CoreDataClass.h */ = {isa = PBXFileReference; fileEncoding = 4; lastKnownFileType = sourcecode.c.h; path = "Waiter+CoreDataClass.h"; sourceTree = SOURCE_ROOT; };
		3C0E54F71E77876700B5A43B /* Waiter+CoreDataClass.m */ = {isa = PBXFileReference; fileEncoding = 4; lastKnownFileType = sourcecode.c.objc; path = "Waiter+CoreDataClass.m"; sourceTree = SOURCE_ROOT; };
		3CB7A24D1E776F1400BFC475 /* AddShiftViewController.h */ = {isa = PBXFileReference; fileEncoding = 4; lastKnownFileType = sourcecode.c.h; path = AddShiftViewController.h; sourceTree = "<group>"; };
		3CB7A24E1E776F1400BFC475 /* AddShiftViewController.m */ = {isa = PBXFileReference; fileEncoding = 4; lastKnownFileType = sourcecode.c.objc; path = AddShiftViewController.m; sourceTree = "<group>"; };
		3CB9DFA71E76416900BD22B8 /* AddWaiterViewController.h */ = {isa = PBXFileReference; fileEncoding = 4; lastKnownFileType = sourcecode.c.h; path = AddWaiterViewController.h; sourceTree = "<group>"; };
		3CB9DFA81E76416900BD22B8 /* AddWaiterViewController.m */ = {isa = PBXFileReference; fileEncoding = 4; lastKnownFileType = sourcecode.c.objc; path = AddWaiterViewController.m; sourceTree = "<group>"; };
		3CB9DFB71E76640300BD22B8 /* libsqlite3.0.tbd */ = {isa = PBXFileReference; lastKnownFileType = "sourcecode.text-based-dylib-definition"; name = libsqlite3.0.tbd; path = usr/lib/libsqlite3.0.tbd; sourceTree = SDKROOT; };
		651CBBA91AB4E1CC00F265E8 /* StaffManagement.app */ = {isa = PBXFileReference; explicitFileType = wrapper.application; includeInIndex = 0; path = StaffManagement.app; sourceTree = BUILT_PRODUCTS_DIR; };
		651CBBAD1AB4E1CC00F265E8 /* Info.plist */ = {isa = PBXFileReference; lastKnownFileType = text.plist.xml; path = Info.plist; sourceTree = "<group>"; };
		651CBBAE1AB4E1CC00F265E8 /* main.m */ = {isa = PBXFileReference; lastKnownFileType = sourcecode.c.objc; path = main.m; sourceTree = "<group>"; };
		651CBBB01AB4E1CC00F265E8 /* AppDelegate.h */ = {isa = PBXFileReference; lastKnownFileType = sourcecode.c.h; path = AppDelegate.h; sourceTree = "<group>"; };
		651CBBB11AB4E1CC00F265E8 /* AppDelegate.m */ = {isa = PBXFileReference; lastKnownFileType = sourcecode.c.objc; path = AppDelegate.m; sourceTree = "<group>"; };
		651CBBB41AB4E1CD00F265E8 /* StaffManagement.xcdatamodel */ = {isa = PBXFileReference; lastKnownFileType = wrapper.xcdatamodel; path = StaffManagement.xcdatamodel; sourceTree = "<group>"; };
		651CBBB61AB4E1CD00F265E8 /* ViewController.h */ = {isa = PBXFileReference; lastKnownFileType = sourcecode.c.h; path = ViewController.h; sourceTree = "<group>"; };
		651CBBB71AB4E1CD00F265E8 /* ViewController.m */ = {isa = PBXFileReference; lastKnownFileType = sourcecode.c.objc; path = ViewController.m; sourceTree = "<group>"; };
		651CBBBA1AB4E1CD00F265E8 /* Base */ = {isa = PBXFileReference; lastKnownFileType = file.storyboard; name = Base; path = Base.lproj/Main.storyboard; sourceTree = "<group>"; };
		651CBBBC1AB4E1CD00F265E8 /* Images.xcassets */ = {isa = PBXFileReference; lastKnownFileType = folder.assetcatalog; path = Images.xcassets; sourceTree = "<group>"; };
		651CBBBF1AB4E1CD00F265E8 /* Base */ = {isa = PBXFileReference; lastKnownFileType = file.xib; name = Base; path = Base.lproj/LaunchScreen.xib; sourceTree = "<group>"; };
		651CBBC51AB4E1CD00F265E8 /* StaffManagementTests.xctest */ = {isa = PBXFileReference; explicitFileType = wrapper.cfbundle; includeInIndex = 0; path = StaffManagementTests.xctest; sourceTree = BUILT_PRODUCTS_DIR; };
		651CBBCA1AB4E1CD00F265E8 /* Info.plist */ = {isa = PBXFileReference; lastKnownFileType = text.plist.xml; path = Info.plist; sourceTree = "<group>"; };
		651CBBCB1AB4E1CD00F265E8 /* StaffManagementTests.m */ = {isa = PBXFileReference; lastKnownFileType = sourcecode.c.objc; path = StaffManagementTests.m; sourceTree = "<group>"; };
		651CBBD51AB4E31400F265E8 /* RestaurantManager.h */ = {isa = PBXFileReference; fileEncoding = 4; lastKnownFileType = sourcecode.c.h; path = RestaurantManager.h; sourceTree = "<group>"; };
		651CBBD61AB4E31400F265E8 /* RestaurantManager.m */ = {isa = PBXFileReference; fileEncoding = 4; lastKnownFileType = sourcecode.c.objc; path = RestaurantManager.m; sourceTree = "<group>"; };
/* End PBXFileReference section */

/* Begin PBXFrameworksBuildPhase section */
		651CBBA61AB4E1CC00F265E8 /* Frameworks */ = {
			isa = PBXFrameworksBuildPhase;
			buildActionMask = 2147483647;
			files = (
			);
			runOnlyForDeploymentPostprocessing = 0;
		};
		651CBBC21AB4E1CD00F265E8 /* Frameworks */ = {
			isa = PBXFrameworksBuildPhase;
			buildActionMask = 2147483647;
			files = (
			);
			runOnlyForDeploymentPostprocessing = 0;
		};
/* End PBXFrameworksBuildPhase section */

/* Begin PBXGroup section */
		3CB9DFB61E76640200BD22B8 /* Frameworks */ = {
			isa = PBXGroup;
			children = (
				3CB9DFB71E76640300BD22B8 /* libsqlite3.0.tbd */,
			);
			name = Frameworks;
			sourceTree = "<group>";
		};
		651CBBA01AB4E1CC00F265E8 = {
			isa = PBXGroup;
			children = (
				651CBBAB1AB4E1CC00F265E8 /* StaffManagement */,
				651CBBC81AB4E1CD00F265E8 /* StaffManagementTests */,
				651CBBAA1AB4E1CC00F265E8 /* Products */,
				3CB9DFB61E76640200BD22B8 /* Frameworks */,
			);
			sourceTree = "<group>";
		};
		651CBBAA1AB4E1CC00F265E8 /* Products */ = {
			isa = PBXGroup;
			children = (
				651CBBA91AB4E1CC00F265E8 /* StaffManagement.app */,
				651CBBC51AB4E1CD00F265E8 /* StaffManagementTests.xctest */,
			);
			name = Products;
			sourceTree = "<group>";
		};
		651CBBAB1AB4E1CC00F265E8 /* StaffManagement */ = {
			isa = PBXGroup;
			children = (
				651CBBB01AB4E1CC00F265E8 /* AppDelegate.h */,
				651CBBB11AB4E1CC00F265E8 /* AppDelegate.m */,
				651CBBD51AB4E31400F265E8 /* RestaurantManager.h */,
				651CBBD61AB4E31400F265E8 /* RestaurantManager.m */,
				651CBBB61AB4E1CD00F265E8 /* ViewController.h */,
				651CBBB71AB4E1CD00F265E8 /* ViewController.m */,
				3CB9DFA71E76416900BD22B8 /* AddWaiterViewController.h */,
				3CB9DFA81E76416900BD22B8 /* AddWaiterViewController.m */,
				3CB7A24D1E776F1400BFC475 /* AddShiftViewController.h */,
				3CB7A24E1E776F1400BFC475 /* AddShiftViewController.m */,
				651CBBB91AB4E1CD00F265E8 /* Main.storyboard */,
				651CBBBC1AB4E1CD00F265E8 /* Images.xcassets */,
				651CBBBE1AB4E1CD00F265E8 /* LaunchScreen.xib */,
				651CBBDE1AB4E4AC00F265E8 /* Core Data */,
				651CBBAC1AB4E1CC00F265E8 /* Supporting Files */,
			);
			path = StaffManagement;
			sourceTree = "<group>";
		};
		651CBBAC1AB4E1CC00F265E8 /* Supporting Files */ = {
			isa = PBXGroup;
			children = (
				651CBBAD1AB4E1CC00F265E8 /* Info.plist */,
				651CBBAE1AB4E1CC00F265E8 /* main.m */,
			);
			name = "Supporting Files";
			sourceTree = "<group>";
		};
		651CBBC81AB4E1CD00F265E8 /* StaffManagementTests */ = {
			isa = PBXGroup;
			children = (
				651CBBCB1AB4E1CD00F265E8 /* StaffManagementTests.m */,
				651CBBC91AB4E1CD00F265E8 /* Supporting Files */,
			);
			path = StaffManagementTests;
			sourceTree = "<group>";
		};
		651CBBC91AB4E1CD00F265E8 /* Supporting Files */ = {
			isa = PBXGroup;
			children = (
				651CBBCA1AB4E1CD00F265E8 /* Info.plist */,
			);
			name = "Supporting Files";
			sourceTree = "<group>";
		};
		651CBBDE1AB4E4AC00F265E8 /* Core Data */ = {
			isa = PBXGroup;
			children = (
				3C0E54F61E77876700B5A43B /* Waiter+CoreDataClass.h */,
				3C0E54F71E77876700B5A43B /* Waiter+CoreDataClass.m */,
				3C0E54E71E77872600B5A43B /* Waiter+CoreDataProperties.h */,
				3C0E54E81E77872600B5A43B /* Waiter+CoreDataProperties.m */,
				3C0E54F31E77875000B5A43B /* Restaurant+CoreDataClass.h */,
				3C0E54F41E77875000B5A43B /* Restaurant+CoreDataClass.m */,
				3C0E54E91E77872600B5A43B /* Restaurant+CoreDataProperties.h */,
				3C0E54EA1E77872600B5A43B /* Restaurant+CoreDataProperties.m */,
				3C0E54EB1E77872600B5A43B /* Shift+CoreDataClass.h */,
				3C0E54EC1E77872600B5A43B /* Shift+CoreDataClass.m */,
				3C0E54ED1E77872600B5A43B /* Shift+CoreDataProperties.h */,
				3C0E54EE1E77872600B5A43B /* Shift+CoreDataProperties.m */,
				651CBBB31AB4E1CD00F265E8 /* StaffManagement.xcdatamodeld */,
			);
			name = "Core Data";
			sourceTree = "<group>";
		};
/* End PBXGroup section */

/* Begin PBXNativeTarget section */
		651CBBA81AB4E1CC00F265E8 /* StaffManagement */ = {
			isa = PBXNativeTarget;
			buildConfigurationList = 651CBBCF1AB4E1CD00F265E8 /* Build configuration list for PBXNativeTarget "StaffManagement" */;
			buildPhases = (
				651CBBA51AB4E1CC00F265E8 /* Sources */,
				651CBBA61AB4E1CC00F265E8 /* Frameworks */,
				651CBBA71AB4E1CC00F265E8 /* Resources */,
			);
			buildRules = (
			);
			dependencies = (
			);
			name = StaffManagement;
			productName = StaffManagement;
			productReference = 651CBBA91AB4E1CC00F265E8 /* StaffManagement.app */;
			productType = "com.apple.product-type.application";
		};
		651CBBC41AB4E1CD00F265E8 /* StaffManagementTests */ = {
			isa = PBXNativeTarget;
			buildConfigurationList = 651CBBD21AB4E1CD00F265E8 /* Build configuration list for PBXNativeTarget "StaffManagementTests" */;
			buildPhases = (
				651CBBC11AB4E1CD00F265E8 /* Sources */,
				651CBBC21AB4E1CD00F265E8 /* Frameworks */,
				651CBBC31AB4E1CD00F265E8 /* Resources */,
			);
			buildRules = (
			);
			dependencies = (
				651CBBC71AB4E1CD00F265E8 /* PBXTargetDependency */,
			);
			name = StaffManagementTests;
			productName = StaffManagementTests;
			productReference = 651CBBC51AB4E1CD00F265E8 /* StaffManagementTests.xctest */;
			productType = "com.apple.product-type.bundle.unit-test";
		};
/* End PBXNativeTarget section */

/* Begin PBXProject section */
		651CBBA11AB4E1CC00F265E8 /* Project object */ = {
			isa = PBXProject;
			attributes = {
				LastUpgradeCheck = 0820;
				ORGANIZATIONNAME = "Derek Harasen";
				TargetAttributes = {
					651CBBA81AB4E1CC00F265E8 = {
						CreatedOnToolsVersion = 6.2;
					};
					651CBBC41AB4E1CD00F265E8 = {
						CreatedOnToolsVersion = 6.2;
						TestTargetID = 651CBBA81AB4E1CC00F265E8;
					};
				};
			};
			buildConfigurationList = 651CBBA41AB4E1CC00F265E8 /* Build configuration list for PBXProject "StaffManagement" */;
			compatibilityVersion = "Xcode 3.2";
			developmentRegion = English;
			hasScannedForEncodings = 0;
			knownRegions = (
				en,
				Base,
			);
			mainGroup = 651CBBA01AB4E1CC00F265E8;
			productRefGroup = 651CBBAA1AB4E1CC00F265E8 /* Products */;
			projectDirPath = "";
			projectRoot = "";
			targets = (
				651CBBA81AB4E1CC00F265E8 /* StaffManagement */,
				651CBBC41AB4E1CD00F265E8 /* StaffManagementTests */,
			);
		};
/* End PBXProject section */

/* Begin PBXResourcesBuildPhase section */
		651CBBA71AB4E1CC00F265E8 /* Resources */ = {
			isa = PBXResourcesBuildPhase;
			buildActionMask = 2147483647;
			files = (
				651CBBBB1AB4E1CD00F265E8 /* Main.storyboard in Resources */,
				651CBBC01AB4E1CD00F265E8 /* LaunchScreen.xib in Resources */,
				651CBBBD1AB4E1CD00F265E8 /* Images.xcassets in Resources */,
			);
			runOnlyForDeploymentPostprocessing = 0;
		};
		651CBBC31AB4E1CD00F265E8 /* Resources */ = {
			isa = PBXResourcesBuildPhase;
			buildActionMask = 2147483647;
			files = (
			);
			runOnlyForDeploymentPostprocessing = 0;
		};
/* End PBXResourcesBuildPhase section */

/* Begin PBXSourcesBuildPhase section */
		651CBBA51AB4E1CC00F265E8 /* Sources */ = {
			isa = PBXSourcesBuildPhase;
			buildActionMask = 2147483647;
			files = (
				3C0E54F11E77872600B5A43B /* Shift+CoreDataClass.m in Sources */,
				3C0E54F01E77872600B5A43B /* Restaurant+CoreDataProperties.m in Sources */,
				3CB9DFB51E76537200BD22B8 /* (null) in Sources */,
				3C0E54F51E77875000B5A43B /* Restaurant+CoreDataClass.m in Sources */,
				651CBBD71AB4E31400F265E8 /* RestaurantManager.m in Sources */,
				3C0E54F81E77876700B5A43B /* Waiter+CoreDataClass.m in Sources */,
				3C0E54EF1E77872600B5A43B /* Waiter+CoreDataProperties.m in Sources */,
				651CBBB51AB4E1CD00F265E8 /* StaffManagement.xcdatamodeld in Sources */,
				3C0E54F21E77872600B5A43B /* Shift+CoreDataProperties.m in Sources */,
				651CBBB21AB4E1CC00F265E8 /* AppDelegate.m in Sources */,
				651CBBB81AB4E1CD00F265E8 /* ViewController.m in Sources */,
				3CB9DFA91E76416900BD22B8 /* AddWaiterViewController.m in Sources */,
				3CB7A24F1E776F1400BFC475 /* AddShiftViewController.m in Sources */,
				651CBBAF1AB4E1CC00F265E8 /* main.m in Sources */,
			);
			runOnlyForDeploymentPostprocessing = 0;
		};
		651CBBC11AB4E1CD00F265E8 /* Sources */ = {
			isa = PBXSourcesBuildPhase;
			buildActionMask = 2147483647;
			files = (
				651CBBCC1AB4E1CD00F265E8 /* StaffManagementTests.m in Sources */,
			);
			runOnlyForDeploymentPostprocessing = 0;
		};
/* End PBXSourcesBuildPhase section */

/* Begin PBXTargetDependency section */
		651CBBC71AB4E1CD00F265E8 /* PBXTargetDependency */ = {
			isa = PBXTargetDependency;
			target = 651CBBA81AB4E1CC00F265E8 /* StaffManagement */;
			targetProxy = 651CBBC61AB4E1CD00F265E8 /* PBXContainerItemProxy */;
		};
/* End PBXTargetDependency section */

/* Begin PBXVariantGroup section */
		651CBBB91AB4E1CD00F265E8 /* Main.storyboard */ = {
			isa = PBXVariantGroup;
			children = (
				651CBBBA1AB4E1CD00F265E8 /* Base */,
			);
			name = Main.storyboard;
			sourceTree = "<group>";
		};
		651CBBBE1AB4E1CD00F265E8 /* LaunchScreen.xib */ = {
			isa = PBXVariantGroup;
			children = (
				651CBBBF1AB4E1CD00F265E8 /* Base */,
			);
			name = LaunchScreen.xib;
			sourceTree = "<group>";
		};
/* End PBXVariantGroup section */

/* Begin XCBuildConfiguration section */
		651CBBCD1AB4E1CD00F265E8 /* Debug */ = {
			isa = XCBuildConfiguration;
			buildSettings = {
				ALWAYS_SEARCH_USER_PATHS = NO;
				CLANG_CXX_LANGUAGE_STANDARD = "gnu++0x";
				CLANG_CXX_LIBRARY = "libc++";
				CLANG_ENABLE_MODULES = YES;
				CLANG_ENABLE_OBJC_ARC = YES;
				CLANG_WARN_BOOL_CONVERSION = YES;
				CLANG_WARN_CONSTANT_CONVERSION = YES;
				CLANG_WARN_DIRECT_OBJC_ISA_USAGE = YES_ERROR;
				CLANG_WARN_EMPTY_BODY = YES;
				CLANG_WARN_ENUM_CONVERSION = YES;
				CLANG_WARN_INFINITE_RECURSION = YES;
				CLANG_WARN_INT_CONVERSION = YES;
				CLANG_WARN_OBJC_ROOT_CLASS = YES_ERROR;
				CLANG_WARN_SUSPICIOUS_MOVE = YES;
				CLANG_WARN_UNREACHABLE_CODE = YES;
				CLANG_WARN__DUPLICATE_METHOD_MATCH = YES;
				"CODE_SIGN_IDENTITY[sdk=iphoneos*]" = "iPhone Developer";
				COPY_PHASE_STRIP = NO;
				ENABLE_STRICT_OBJC_MSGSEND = YES;
				ENABLE_TESTABILITY = YES;
				GCC_C_LANGUAGE_STANDARD = gnu99;
				GCC_DYNAMIC_NO_PIC = NO;
				GCC_NO_COMMON_BLOCKS = YES;
				GCC_OPTIMIZATION_LEVEL = 0;
				GCC_PREPROCESSOR_DEFINITIONS = (
					"DEBUG=1",
					"$(inherited)",
				);
				GCC_SYMBOLS_PRIVATE_EXTERN = YES;
				GCC_WARN_64_TO_32_BIT_CONVERSION = YES;
				GCC_WARN_ABOUT_RETURN_TYPE = YES_ERROR;
				GCC_WARN_UNDECLARED_SELECTOR = YES;
				GCC_WARN_UNINITIALIZED_AUTOS = YES_AGGRESSIVE;
				GCC_WARN_UNUSED_FUNCTION = YES;
				GCC_WARN_UNUSED_VARIABLE = YES;
				IPHONEOS_DEPLOYMENT_TARGET = 8.2;
				MTL_ENABLE_DEBUG_INFO = YES;
				ONLY_ACTIVE_ARCH = YES;
				SDKROOT = iphoneos;
			};
			name = Debug;
		};
		651CBBCE1AB4E1CD00F265E8 /* Release */ = {
			isa = XCBuildConfiguration;
			buildSettings = {
				ALWAYS_SEARCH_USER_PATHS = NO;
				CLANG_CXX_LANGUAGE_STANDARD = "gnu++0x";
				CLANG_CXX_LIBRARY = "libc++";
				CLANG_ENABLE_MODULES = YES;
				CLANG_ENABLE_OBJC_ARC = YES;
				CLANG_WARN_BOOL_CONVERSION = YES;
				CLANG_WARN_CONSTANT_CONVERSION = YES;
				CLANG_WARN_DIRECT_OBJC_ISA_USAGE = YES_ERROR;
				CLANG_WARN_EMPTY_BODY = YES;
				CLANG_WARN_ENUM_CONVERSION = YES;
				CLANG_WARN_INFINITE_RECURSION = YES;
				CLANG_WARN_INT_CONVERSION = YES;
				CLANG_WARN_OBJC_ROOT_CLASS = YES_ERROR;
				CLANG_WARN_SUSPICIOUS_MOVE = YES;
				CLANG_WARN_UNREACHABLE_CODE = YES;
				CLANG_WARN__DUPLICATE_METHOD_MATCH = YES;
				"CODE_SIGN_IDENTITY[sdk=iphoneos*]" = "iPhone Developer";
				COPY_PHASE_STRIP = NO;
				ENABLE_NS_ASSERTIONS = NO;
				ENABLE_STRICT_OBJC_MSGSEND = YES;
				GCC_C_LANGUAGE_STANDARD = gnu99;
				GCC_NO_COMMON_BLOCKS = YES;
				GCC_SYMBOLS_PRIVATE_EXTERN = YES;
				GCC_WARN_64_TO_32_BIT_CONVERSION = YES;
				GCC_WARN_ABOUT_RETURN_TYPE = YES_ERROR;
				GCC_WARN_UNDECLARED_SELECTOR = YES;
				GCC_WARN_UNINITIALIZED_AUTOS = YES_AGGRESSIVE;
				GCC_WARN_UNUSED_FUNCTION = YES;
				GCC_WARN_UNUSED_VARIABLE = YES;
				IPHONEOS_DEPLOYMENT_TARGET = 8.2;
				MTL_ENABLE_DEBUG_INFO = NO;
				SDKROOT = iphoneos;
				VALIDATE_PRODUCT = YES;
			};
			name = Release;
		};
		651CBBD01AB4E1CD00F265E8 /* Debug */ = {
			isa = XCBuildConfiguration;
			buildSettings = {
				ASSETCATALOG_COMPILER_APPICON_NAME = AppIcon;
				GCC_SYMBOLS_PRIVATE_EXTERN = YES;
				INFOPLIST_FILE = StaffManagement/Info.plist;
				LD_RUNPATH_SEARCH_PATHS = "$(inherited) @executable_path/Frameworks";
				PRODUCT_BUNDLE_IDENTIFIER = "com.TouchBistro.$(PRODUCT_NAME:rfc1034identifier)";
				PRODUCT_NAME = "$(TARGET_NAME)";
			};
			name = Debug;
		};
		651CBBD11AB4E1CD00F265E8 /* Release */ = {
			isa = XCBuildConfiguration;
			buildSettings = {
				ASSETCATALOG_COMPILER_APPICON_NAME = AppIcon;
				GCC_SYMBOLS_PRIVATE_EXTERN = YES;
				INFOPLIST_FILE = StaffManagement/Info.plist;
				LD_RUNPATH_SEARCH_PATHS = "$(inherited) @executable_path/Frameworks";
				PRODUCT_BUNDLE_IDENTIFIER = "com.TouchBistro.$(PRODUCT_NAME:rfc1034identifier)";
				PRODUCT_NAME = "$(TARGET_NAME)";
			};
			name = Release;
		};
		651CBBD31AB4E1CD00F265E8 /* Debug */ = {
			isa = XCBuildConfiguration;
			buildSettings = {
				BUNDLE_LOADER = "$(TEST_HOST)";
				FRAMEWORK_SEARCH_PATHS = (
					"$(SDKROOT)/Developer/Library/Frameworks",
					"$(inherited)",
				);
				GCC_PREPROCESSOR_DEFINITIONS = (
					"DEBUG=1",
					"$(inherited)",
				);
				INFOPLIST_FILE = StaffManagementTests/Info.plist;
				LD_RUNPATH_SEARCH_PATHS = "$(inherited) @executable_path/Frameworks @loader_path/Frameworks";
				PRODUCT_BUNDLE_IDENTIFIER = "com.TouchBistro.$(PRODUCT_NAME:rfc1034identifier)";
				PRODUCT_NAME = "$(TARGET_NAME)";
				TEST_HOST = "$(BUILT_PRODUCTS_DIR)/StaffManagement.app/StaffManagement";
			};
			name = Debug;
		};
		651CBBD41AB4E1CD00F265E8 /* Release */ = {
			isa = XCBuildConfiguration;
			buildSettings = {
				BUNDLE_LOADER = "$(TEST_HOST)";
				FRAMEWORK_SEARCH_PATHS = (
					"$(SDKROOT)/Developer/Library/Frameworks",
					"$(inherited)",
				);
				INFOPLIST_FILE = StaffManagementTests/Info.plist;
				LD_RUNPATH_SEARCH_PATHS = "$(inherited) @executable_path/Frameworks @loader_path/Frameworks";
				PRODUCT_BUNDLE_IDENTIFIER = "com.TouchBistro.$(PRODUCT_NAME:rfc1034identifier)";
				PRODUCT_NAME = "$(TARGET_NAME)";
				TEST_HOST = "$(BUILT_PRODUCTS_DIR)/StaffManagement.app/StaffManagement";
			};
			name = Release;
		};
/* End XCBuildConfiguration section */

/* Begin XCConfigurationList section */
		651CBBA41AB4E1CC00F265E8 /* Build configuration list for PBXProject "StaffManagement" */ = {
			isa = XCConfigurationList;
			buildConfigurations = (
				651CBBCD1AB4E1CD00F265E8 /* Debug */,
				651CBBCE1AB4E1CD00F265E8 /* Release */,
			);
			defaultConfigurationIsVisible = 0;
			defaultConfigurationName = Release;
		};
		651CBBCF1AB4E1CD00F265E8 /* Build configuration list for PBXNativeTarget "StaffManagement" */ = {
			isa = XCConfigurationList;
			buildConfigurations = (
				651CBBD01AB4E1CD00F265E8 /* Debug */,
				651CBBD11AB4E1CD00F265E8 /* Release */,
			);
			defaultConfigurationIsVisible = 0;
			defaultConfigurationName = Release;
		};
		651CBBD21AB4E1CD00F265E8 /* Build configuration list for PBXNativeTarget "StaffManagementTests" */ = {
			isa = XCConfigurationList;
			buildConfigurations = (
				651CBBD31AB4E1CD00F265E8 /* Debug */,
				651CBBD41AB4E1CD00F265E8 /* Release */,
			);
			defaultConfigurationIsVisible = 0;
			defaultConfigurationName = Release;
		};
/* End XCConfigurationList section */

/* Begin XCVersionGroup section */
		651CBBB31AB4E1CD00F265E8 /* StaffManagement.xcdatamodeld */ = {
			isa = XCVersionGroup;
			children = (
				651CBBB41AB4E1CD00F265E8 /* StaffManagement.xcdatamodel */,
			);
			currentVersion = 651CBBB41AB4E1CD00F265E8 /* StaffManagement.xcdatamodel */;
			path = StaffManagement.xcdatamodeld;
			sourceTree = "<group>";
			versionGroupType = wrapper.xcdatamodel;
		};
/* End XCVersionGroup section */
	};
	rootObject = 651CBBA11AB4E1CC00F265E8 /* Project object */;
}
